
Microsoft Visual Studio Solution File, Format Version 12.00
# Visual Studio Version 17
VisualStudioVersion = 17.0.31919.166
MinimumVisualStudioVersion = 10.0.40219.1
Project("{FAE04EC0-301F-11D3-BF4B-00C04F79EFBC}") = "Setlup", "Setlup\Setlup.csproj", "{AC689125-6648-4B9D-BC82-48E5E81EBDB6}"
EndProject
Global
	GlobalSection(SolutionConfigurationPlatforms) = preSolution
		Debug|Any CPU = Debug|Any CPU
		Release|Any CPU = Release|Any CPU
	EndGlobalSection
	GlobalSection(ProjectConfigurationPlatforms) = postSolution
		{AC689125-6648-4B9D-BC82-48E5E81EBDB6}.Debug|Any CPU.ActiveCfg = Debug|Any CPU
		{AC689125-6648-4B9D-BC82-48E5E81EBDB6}.Debug|Any CPU.Build.0 = Debug|Any CPU
		{AC689125-6648-4B9D-BC82-48E5E81EBDB6}.Release|Any CPU.ActiveCfg = Release|Any CPU
		{AC689125-6648-4B9D-BC82-48E5E81EBDB6}.Release|Any CPU.Build.0 = Release|Any CPU
	EndGlobalSection
	GlobalSection(SolutionProperties) = preSolution
		HideSolutionNode = FALSE
	EndGlobalSection
	GlobalSection(ExtensibilityGlobals) = postSolution
		SolutionGuid = {CDCD29B2-E253-4AB3-A6B6-8EA9C80B3671}
	EndGlobalSection
EndGlobal
